
Microsoft Visual Studio Solution File, Format Version 12.00
# Visual Studio Version 17
VisualStudioVersion = 17.11.35312.102
MinimumVisualStudioVersion = 10.0.40219.1
Project("{FAE04EC0-301F-11D3-BF4B-00C04F79EFBC}") = "Grafy", "Grafy.csproj", "{4A24D31F-3EA8-4188-889E-559E3AF3337A}"
EndProject
Global
	GlobalSection(SolutionConfigurationPlatforms) = preSolution
		Debug|Any CPU = Debug|Any CPU
		Release|Any CPU = Release|Any CPU
	EndGlobalSection
	GlobalSection(ProjectConfigurationPlatforms) = postSolution
		{4A24D31F-3EA8-4188-889E-559E3AF3337A}.Debug|Any CPU.ActiveCfg = Debug|Any CPU
		{4A24D31F-3EA8-4188-889E-559E3AF3337A}.Debug|Any CPU.Build.0 = Debug|Any CPU
		{4A24D31F-3EA8-4188-889E-559E3AF3337A}.Release|Any CPU.ActiveCfg = Release|Any CPU
		{4A24D31F-3EA8-4188-889E-559E3AF3337A}.Release|Any CPU.Build.0 = Release|Any CPU
	EndGlobalSection
	GlobalSection(SolutionProperties) = preSolution
		HideSolutionNode = FALSE
	EndGlobalSection
	GlobalSection(ExtensibilityGlobals) = postSolution
		SolutionGuid = {06DF0053-7787-42F0-93B7-A8DA5E5D1928}
	EndGlobalSection
EndGlobal
