
Microsoft Visual Studio Solution File, Format Version 12.00
# Visual Studio Version 17
VisualStudioVersion = 17.11.35312.102
MinimumVisualStudioVersion = 10.0.40219.1
Project("{FAE04EC0-301F-11D3-BF4B-00C04F79EFBC}") = "Huffman", "Huffman.csproj", "{535BD9ED-C86D-4365-BC3C-8068A057EA61}"
EndProject
Global
	GlobalSection(SolutionConfigurationPlatforms) = preSolution
		Debug|Any CPU = Debug|Any CPU
		Release|Any CPU = Release|Any CPU
	EndGlobalSection
	GlobalSection(ProjectConfigurationPlatforms) = postSolution
		{535BD9ED-C86D-4365-BC3C-8068A057EA61}.Debug|Any CPU.ActiveCfg = Debug|Any CPU
		{535BD9ED-C86D-4365-BC3C-8068A057EA61}.Debug|Any CPU.Build.0 = Debug|Any CPU
		{535BD9ED-C86D-4365-BC3C-8068A057EA61}.Release|Any CPU.ActiveCfg = Release|Any CPU
		{535BD9ED-C86D-4365-BC3C-8068A057EA61}.Release|Any CPU.Build.0 = Release|Any CPU
	EndGlobalSection
	GlobalSection(SolutionProperties) = preSolution
		HideSolutionNode = FALSE
	EndGlobalSection
	GlobalSection(ExtensibilityGlobals) = postSolution
		SolutionGuid = {029BB905-5955-4023-949D-E843713A2440}
	EndGlobalSection
EndGlobal
